
Microsoft Visual Studio Solution File, Format Version 12.00
# Visual Studio Version 17
VisualStudioVersion = 17.9.34607.119
MinimumVisualStudioVersion = 10.0.40219.1
Project("{FAE04EC0-301F-11D3-BF4B-00C04F79EFBC}") = "ConsoleApp1", "ConsoleApp1\ConsoleApp1.csproj", "{5FC408D8-DB13-4F40-B25E-FB2CC2C49C27}"
EndProject
Global
	GlobalSection(SolutionConfigurationPlatforms) = preSolution
		Debug|Any CPU = Debug|Any CPU
		Release|Any CPU = Release|Any CPU
	EndGlobalSection
	GlobalSection(ProjectConfigurationPlatforms) = postSolution
		{5FC408D8-DB13-4F40-B25E-FB2CC2C49C27}.Debug|Any CPU.ActiveCfg = Debug|Any CPU
		{5FC408D8-DB13-4F40-B25E-FB2CC2C49C27}.Debug|Any CPU.Build.0 = Debug|Any CPU
		{5FC408D8-DB13-4F40-B25E-FB2CC2C49C27}.Release|Any CPU.ActiveCfg = Release|Any CPU
		{5FC408D8-DB13-4F40-B25E-FB2CC2C49C27}.Release|Any CPU.Build.0 = Release|Any CPU
	EndGlobalSection
	GlobalSection(SolutionProperties) = preSolution
		HideSolutionNode = FALSE
	EndGlobalSection
	GlobalSection(ExtensibilityGlobals) = postSolution
		SolutionGuid = {90CB7EB3-8878-435D-A041-9DF73D724C80}
	EndGlobalSection
EndGlobal
